
Microsoft Visual Studio Solution File, Format Version 12.00
# Visual Studio 15
VisualStudioVersion = 15.0.27703.2000
MinimumVisualStudioVersion = 10.0.40219.1
Project("{FAE04EC0-301F-11D3-BF4B-00C04F79EFBC}") = "1.3", "Аттестация\1.3.csproj", "{2CBDD68B-BECC-43F5-80BB-1FB9F240EDBE}"
	ProjectSection(ProjectDependencies) = postProject
		{73EE1EB0-B1F0-4D24-BEF7-F8275D8ABE0D} = {73EE1EB0-B1F0-4D24-BEF7-F8275D8ABE0D}
	EndProjectSection
EndProject
Project("{FAE04EC0-301F-11D3-BF4B-00C04F79EFBC}") = "2.1", "2\2.1.csproj", "{E460ABAA-1D03-4C26-BDEF-0AB126FBE0CD}"
	ProjectSection(ProjectDependencies) = postProject
		{73EE1EB0-B1F0-4D24-BEF7-F8275D8ABE0D} = {73EE1EB0-B1F0-4D24-BEF7-F8275D8ABE0D}
	EndProjectSection
EndProject
Project("{FAE04EC0-301F-11D3-BF4B-00C04F79EFBC}") = "LogicLibrary", "LogicLibrary\LogicLibrary.csproj", "{73EE1EB0-B1F0-4D24-BEF7-F8275D8ABE0D}"
EndProject
Project("{FAE04EC0-301F-11D3-BF4B-00C04F79EFBC}") = "3.2", "3.2\3.2.csproj", "{C899D284-71F2-4D93-B5DD-7464AFFEDA2F}"
EndProject
Project("{FAE04EC0-301F-11D3-BF4B-00C04F79EFBC}") = "4.1", "4.1\4.1.csproj", "{B62CF556-E4B6-4013-94FE-3D571F0BC282}"
EndProject
Project("{FAE04EC0-301F-11D3-BF4B-00C04F79EFBC}") = "5.1", "5.1\5.1.csproj", "{D47B6CFB-E881-4CD4-8693-73A3FC9CFB51}"
EndProject
Project("{FAE04EC0-301F-11D3-BF4B-00C04F79EFBC}") = "6", "6\6.csproj", "{35E14BC2-5B02-4C87-A245-A8A45758A62C}"
EndProject
Global
	GlobalSection(SolutionConfigurationPlatforms) = preSolution
		Debug|Any CPU = Debug|Any CPU
		Release|Any CPU = Release|Any CPU
	EndGlobalSection
	GlobalSection(ProjectConfigurationPlatforms) = postSolution
		{2CBDD68B-BECC-43F5-80BB-1FB9F240EDBE}.Debug|Any CPU.ActiveCfg = Debug|Any CPU
		{2CBDD68B-BECC-43F5-80BB-1FB9F240EDBE}.Debug|Any CPU.Build.0 = Debug|Any CPU
		{2CBDD68B-BECC-43F5-80BB-1FB9F240EDBE}.Release|Any CPU.ActiveCfg = Release|Any CPU
		{2CBDD68B-BECC-43F5-80BB-1FB9F240EDBE}.Release|Any CPU.Build.0 = Release|Any CPU
		{E460ABAA-1D03-4C26-BDEF-0AB126FBE0CD}.Debug|Any CPU.ActiveCfg = Debug|Any CPU
		{E460ABAA-1D03-4C26-BDEF-0AB126FBE0CD}.Debug|Any CPU.Build.0 = Debug|Any CPU
		{E460ABAA-1D03-4C26-BDEF-0AB126FBE0CD}.Release|Any CPU.ActiveCfg = Release|Any CPU
		{E460ABAA-1D03-4C26-BDEF-0AB126FBE0CD}.Release|Any CPU.Build.0 = Release|Any CPU
		{73EE1EB0-B1F0-4D24-BEF7-F8275D8ABE0D}.Debug|Any CPU.ActiveCfg = Debug|Any CPU
		{73EE1EB0-B1F0-4D24-BEF7-F8275D8ABE0D}.Debug|Any CPU.Build.0 = Debug|Any CPU
		{73EE1EB0-B1F0-4D24-BEF7-F8275D8ABE0D}.Release|Any CPU.ActiveCfg = Release|Any CPU
		{73EE1EB0-B1F0-4D24-BEF7-F8275D8ABE0D}.Release|Any CPU.Build.0 = Release|Any CPU
		{C899D284-71F2-4D93-B5DD-7464AFFEDA2F}.Debug|Any CPU.ActiveCfg = Debug|Any CPU
		{C899D284-71F2-4D93-B5DD-7464AFFEDA2F}.Debug|Any CPU.Build.0 = Debug|Any CPU
		{C899D284-71F2-4D93-B5DD-7464AFFEDA2F}.Release|Any CPU.ActiveCfg = Release|Any CPU
		{C899D284-71F2-4D93-B5DD-7464AFFEDA2F}.Release|Any CPU.Build.0 = Release|Any CPU
		{B62CF556-E4B6-4013-94FE-3D571F0BC282}.Debug|Any CPU.ActiveCfg = Debug|Any CPU
		{B62CF556-E4B6-4013-94FE-3D571F0BC282}.Debug|Any CPU.Build.0 = Debug|Any CPU
		{B62CF556-E4B6-4013-94FE-3D571F0BC282}.Release|Any CPU.ActiveCfg = Release|Any CPU
		{B62CF556-E4B6-4013-94FE-3D571F0BC282}.Release|Any CPU.Build.0 = Release|Any CPU
		{D47B6CFB-E881-4CD4-8693-73A3FC9CFB51}.Debug|Any CPU.ActiveCfg = Debug|Any CPU
		{D47B6CFB-E881-4CD4-8693-73A3FC9CFB51}.Debug|Any CPU.Build.0 = Debug|Any CPU
		{D47B6CFB-E881-4CD4-8693-73A3FC9CFB51}.Release|Any CPU.ActiveCfg = Release|Any CPU
		{D47B6CFB-E881-4CD4-8693-73A3FC9CFB51}.Release|Any CPU.Build.0 = Release|Any CPU
		{35E14BC2-5B02-4C87-A245-A8A45758A62C}.Debug|Any CPU.ActiveCfg = Debug|Any CPU
		{35E14BC2-5B02-4C87-A245-A8A45758A62C}.Debug|Any CPU.Build.0 = Debug|Any CPU
		{35E14BC2-5B02-4C87-A245-A8A45758A62C}.Release|Any CPU.ActiveCfg = Release|Any CPU
		{35E14BC2-5B02-4C87-A245-A8A45758A62C}.Release|Any CPU.Build.0 = Release|Any CPU
	EndGlobalSection
	GlobalSection(SolutionProperties) = preSolution
		HideSolutionNode = FALSE
	EndGlobalSection
	GlobalSection(ExtensibilityGlobals) = postSolution
		SolutionGuid = {CA6F5D94-2B9F-482B-B51B-AF35565AA78D}
	EndGlobalSection
EndGlobal
